
Microsoft Visual Studio Solution File, Format Version 12.00
# Visual Studio 15
Project("{FAE04EC0-301F-11D3-BF4B-00C04F79EFBC}") = "TreeMenu", "TreeMenu\TreeMenu.csproj", "{4414AC45-21E9-47AE-9F3A-68FFD2CF5305}"
EndProject
Global
	GlobalSection(SolutionConfigurationPlatforms) = preSolution
		Debug|iPhoneSimulator = Debug|iPhoneSimulator
		Release|iPhone = Release|iPhone
		Release|iPhoneSimulator = Release|iPhoneSimulator
		Debug|iPhone = Debug|iPhone
	EndGlobalSection
	GlobalSection(ProjectConfigurationPlatforms) = postSolution
		{4414AC45-21E9-47AE-9F3A-68FFD2CF5305}.Debug|iPhoneSimulator.ActiveCfg = Debug|iPhoneSimulator
		{4414AC45-21E9-47AE-9F3A-68FFD2CF5305}.Debug|iPhoneSimulator.Build.0 = Debug|iPhoneSimulator
		{4414AC45-21E9-47AE-9F3A-68FFD2CF5305}.Release|iPhone.ActiveCfg = Release|iPhone
		{4414AC45-21E9-47AE-9F3A-68FFD2CF5305}.Release|iPhone.Build.0 = Release|iPhone
		{4414AC45-21E9-47AE-9F3A-68FFD2CF5305}.Release|iPhoneSimulator.ActiveCfg = Release|iPhoneSimulator
		{4414AC45-21E9-47AE-9F3A-68FFD2CF5305}.Release|iPhoneSimulator.Build.0 = Release|iPhoneSimulator
		{4414AC45-21E9-47AE-9F3A-68FFD2CF5305}.Debug|iPhone.ActiveCfg = Debug|iPhone
		{4414AC45-21E9-47AE-9F3A-68FFD2CF5305}.Debug|iPhone.Build.0 = Debug|iPhone
	EndGlobalSection
EndGlobal
